
Microsoft Visual Studio Solution File, Format Version 12.00
# Visual Studio Version 16
VisualStudioVersion = 16.0.29306.81
MinimumVisualStudioVersion = 10.0.40219.1
Project("{FAE04EC0-301F-11D3-BF4B-00C04F79EFBC}") = "EisBackup", "EisBackup\EisBackup.csproj", "{D6C35274-8E7A-4694-A911-B195E0DD0E44}"
EndProject
Global
	GlobalSection(SolutionConfigurationPlatforms) = preSolution
		Debug|Any CPU = Debug|Any CPU
		Release|Any CPU = Release|Any CPU
	EndGlobalSection
	GlobalSection(ProjectConfigurationPlatforms) = postSolution
		{D6C35274-8E7A-4694-A911-B195E0DD0E44}.Debug|Any CPU.ActiveCfg = Debug|Any CPU
		{D6C35274-8E7A-4694-A911-B195E0DD0E44}.Debug|Any CPU.Build.0 = Debug|Any CPU
		{D6C35274-8E7A-4694-A911-B195E0DD0E44}.Release|Any CPU.ActiveCfg = Release|Any CPU
		{D6C35274-8E7A-4694-A911-B195E0DD0E44}.Release|Any CPU.Build.0 = Release|Any CPU
	EndGlobalSection
	GlobalSection(SolutionProperties) = preSolution
		HideSolutionNode = FALSE
	EndGlobalSection
	GlobalSection(ExtensibilityGlobals) = postSolution
		SolutionGuid = {E227546B-65AA-4AE6-93BD-019EC3821036}
	EndGlobalSection
EndGlobal
